
Microsoft Visual Studio Solution File, Format Version 12.00
# Visual Studio Version 17
VisualStudioVersion = 17.0.31903.59
MinimumVisualStudioVersion = 10.0.40219.1
Project("{FAE04EC0-301F-11D3-BF4B-00C04F79EFBC}") = "FootballLeagueManagement", "FootballLeagueManagement\FootballLeagueManagement.csproj", "{7C4E29A1-2768-47B6-ABE5-18DD510309FB}"
EndProject
Project("{FAE04EC0-301F-11D3-BF4B-00C04F79EFBC}") = "FootballLeagueManagement.Core", "FootballLeagueManagement.Core\FootballLeagueManagement.Core.csproj", "{ECFFD94D-77E7-466A-83CD-3E8A696DCBD3}"
EndProject
Project("{FAE04EC0-301F-11D3-BF4B-00C04F79EFBC}") = "FootballLeagueManagement.Infrastructure", "FootballLeagueManagement.Infrastructure\FootballLeagueManagement.Infrastructure.csproj", "{C8D759B8-1908-431A-B8DA-5576DB3EEC64}"
EndProject
Global
	GlobalSection(SolutionConfigurationPlatforms) = preSolution
		Debug|Any CPU = Debug|Any CPU
		Debug|x64 = Debug|x64
		Debug|x86 = Debug|x86
		Release|Any CPU = Release|Any CPU
		Release|x64 = Release|x64
		Release|x86 = Release|x86
	EndGlobalSection
	GlobalSection(ProjectConfigurationPlatforms) = postSolution
		{7C4E29A1-2768-47B6-ABE5-18DD510309FB}.Debug|Any CPU.ActiveCfg = Debug|Any CPU
		{7C4E29A1-2768-47B6-ABE5-18DD510309FB}.Debug|Any CPU.Build.0 = Debug|Any CPU
		{7C4E29A1-2768-47B6-ABE5-18DD510309FB}.Debug|x64.ActiveCfg = Debug|Any CPU
		{7C4E29A1-2768-47B6-ABE5-18DD510309FB}.Debug|x64.Build.0 = Debug|Any CPU
		{7C4E29A1-2768-47B6-ABE5-18DD510309FB}.Debug|x86.ActiveCfg = Debug|Any CPU
		{7C4E29A1-2768-47B6-ABE5-18DD510309FB}.Debug|x86.Build.0 = Debug|Any CPU
		{7C4E29A1-2768-47B6-ABE5-18DD510309FB}.Release|Any CPU.ActiveCfg = Release|Any CPU
		{7C4E29A1-2768-47B6-ABE5-18DD510309FB}.Release|Any CPU.Build.0 = Release|Any CPU
		{7C4E29A1-2768-47B6-ABE5-18DD510309FB}.Release|x64.ActiveCfg = Release|Any CPU
		{7C4E29A1-2768-47B6-ABE5-18DD510309FB}.Release|x64.Build.0 = Release|Any CPU
		{7C4E29A1-2768-47B6-ABE5-18DD510309FB}.Release|x86.ActiveCfg = Release|Any CPU
		{7C4E29A1-2768-47B6-ABE5-18DD510309FB}.Release|x86.Build.0 = Release|Any CPU
		{ECFFD94D-77E7-466A-83CD-3E8A696DCBD3}.Debug|Any CPU.ActiveCfg = Debug|Any CPU
		{ECFFD94D-77E7-466A-83CD-3E8A696DCBD3}.Debug|Any CPU.Build.0 = Debug|Any CPU
		{ECFFD94D-77E7-466A-83CD-3E8A696DCBD3}.Debug|x64.ActiveCfg = Debug|Any CPU
		{ECFFD94D-77E7-466A-83CD-3E8A696DCBD3}.Debug|x64.Build.0 = Debug|Any CPU
		{ECFFD94D-77E7-466A-83CD-3E8A696DCBD3}.Debug|x86.ActiveCfg = Debug|Any CPU
		{ECFFD94D-77E7-466A-83CD-3E8A696DCBD3}.Debug|x86.Build.0 = Debug|Any CPU
		{ECFFD94D-77E7-466A-83CD-3E8A696DCBD3}.Release|Any CPU.ActiveCfg = Release|Any CPU
		{ECFFD94D-77E7-466A-83CD-3E8A696DCBD3}.Release|Any CPU.Build.0 = Release|Any CPU
		{ECFFD94D-77E7-466A-83CD-3E8A696DCBD3}.Release|x64.ActiveCfg = Release|Any CPU
		{ECFFD94D-77E7-466A-83CD-3E8A696DCBD3}.Release|x64.Build.0 = Release|Any CPU
		{ECFFD94D-77E7-466A-83CD-3E8A696DCBD3}.Release|x86.ActiveCfg = Release|Any CPU
		{ECFFD94D-77E7-466A-83CD-3E8A696DCBD3}.Release|x86.Build.0 = Release|Any CPU
		{C8D759B8-1908-431A-B8DA-5576DB3EEC64}.Debug|Any CPU.ActiveCfg = Debug|Any CPU
		{C8D759B8-1908-431A-B8DA-5576DB3EEC64}.Debug|Any CPU.Build.0 = Debug|Any CPU
		{C8D759B8-1908-431A-B8DA-5576DB3EEC64}.Debug|x64.ActiveCfg = Debug|Any CPU
		{C8D759B8-1908-431A-B8DA-5576DB3EEC64}.Debug|x64.Build.0 = Debug|Any CPU
		{C8D759B8-1908-431A-B8DA-5576DB3EEC64}.Debug|x86.ActiveCfg = Debug|Any CPU
		{C8D759B8-1908-431A-B8DA-5576DB3EEC64}.Debug|x86.Build.0 = Debug|Any CPU
		{C8D759B8-1908-431A-B8DA-5576DB3EEC64}.Release|Any CPU.ActiveCfg = Release|Any CPU
		{C8D759B8-1908-431A-B8DA-5576DB3EEC64}.Release|Any CPU.Build.0 = Release|Any CPU
		{C8D759B8-1908-431A-B8DA-5576DB3EEC64}.Release|x64.ActiveCfg = Release|Any CPU
		{C8D759B8-1908-431A-B8DA-5576DB3EEC64}.Release|x64.Build.0 = Release|Any CPU
		{C8D759B8-1908-431A-B8DA-5576DB3EEC64}.Release|x86.ActiveCfg = Release|Any CPU
		{C8D759B8-1908-431A-B8DA-5576DB3EEC64}.Release|x86.Build.0 = Release|Any CPU
	EndGlobalSection
	GlobalSection(SolutionProperties) = preSolution
		HideSolutionNode = FALSE
	EndGlobalSection
EndGlobal
